
Microsoft Visual Studio Solution File, Format Version 12.00
# Visual Studio 2012
Project("{FAE04EC0-301F-11D3-BF4B-00C04F79EFBC}") = "XFContacts.Android", "XFContacts.Android\XFContacts.Android.csproj", "{B7970FC2-F491-4CB0-88FF-41BFEF72B127}"
EndProject
Project("{FAE04EC0-301F-11D3-BF4B-00C04F79EFBC}") = "XFContacts.iOS", "XFContacts.iOS\XFContacts.iOS.csproj", "{0169991E-3FA0-4C1D-9014-4C5018ACC2EB}"
EndProject
Project("{FAE04EC0-301F-11D3-BF4B-00C04F79EFBC}") = "XFContacts", "XFContacts\XFContacts.csproj", "{03097C0F-4906-4AC5-B8CD-049D49BE1A26}"
EndProject
Global
	GlobalSection(SolutionConfigurationPlatforms) = preSolution
		Debug|Any CPU = Debug|Any CPU
		Release|Any CPU = Release|Any CPU
		Debug|iPhoneSimulator = Debug|iPhoneSimulator
		Release|iPhoneSimulator = Release|iPhoneSimulator
		Debug|iPhone = Debug|iPhone
		Release|iPhone = Release|iPhone
		Ad-Hoc|iPhone = Ad-Hoc|iPhone
		AppStore|iPhone = AppStore|iPhone
	EndGlobalSection
	GlobalSection(ProjectConfigurationPlatforms) = postSolution
		{B7970FC2-F491-4CB0-88FF-41BFEF72B127}.Debug|Any CPU.ActiveCfg = Debug|Any CPU
		{B7970FC2-F491-4CB0-88FF-41BFEF72B127}.Debug|Any CPU.Build.0 = Debug|Any CPU
		{B7970FC2-F491-4CB0-88FF-41BFEF72B127}.Release|Any CPU.ActiveCfg = Release|Any CPU
		{B7970FC2-F491-4CB0-88FF-41BFEF72B127}.Release|Any CPU.Build.0 = Release|Any CPU
		{B7970FC2-F491-4CB0-88FF-41BFEF72B127}.Debug|iPhoneSimulator.ActiveCfg = Debug|Any CPU
		{B7970FC2-F491-4CB0-88FF-41BFEF72B127}.Debug|iPhoneSimulator.Build.0 = Debug|Any CPU
		{B7970FC2-F491-4CB0-88FF-41BFEF72B127}.Release|iPhoneSimulator.ActiveCfg = Release|Any CPU
		{B7970FC2-F491-4CB0-88FF-41BFEF72B127}.Release|iPhoneSimulator.Build.0 = Release|Any CPU
		{B7970FC2-F491-4CB0-88FF-41BFEF72B127}.Debug|iPhone.ActiveCfg = Debug|Any CPU
		{B7970FC2-F491-4CB0-88FF-41BFEF72B127}.Debug|iPhone.Build.0 = Debug|Any CPU
		{B7970FC2-F491-4CB0-88FF-41BFEF72B127}.Release|iPhone.ActiveCfg = Release|Any CPU
		{B7970FC2-F491-4CB0-88FF-41BFEF72B127}.Release|iPhone.Build.0 = Release|Any CPU
		{B7970FC2-F491-4CB0-88FF-41BFEF72B127}.Ad-Hoc|iPhone.ActiveCfg = Debug|Any CPU
		{B7970FC2-F491-4CB0-88FF-41BFEF72B127}.Ad-Hoc|iPhone.Build.0 = Debug|Any CPU
		{B7970FC2-F491-4CB0-88FF-41BFEF72B127}.AppStore|iPhone.ActiveCfg = Debug|Any CPU
		{B7970FC2-F491-4CB0-88FF-41BFEF72B127}.AppStore|iPhone.Build.0 = Debug|Any CPU
		{0169991E-3FA0-4C1D-9014-4C5018ACC2EB}.Debug|Any CPU.ActiveCfg = Debug|iPhoneSimulator
		{0169991E-3FA0-4C1D-9014-4C5018ACC2EB}.Debug|Any CPU.Build.0 = Debug|iPhoneSimulator
		{0169991E-3FA0-4C1D-9014-4C5018ACC2EB}.Release|Any CPU.ActiveCfg = Release|iPhoneSimulator
		{0169991E-3FA0-4C1D-9014-4C5018ACC2EB}.Release|Any CPU.Build.0 = Release|iPhoneSimulator
		{0169991E-3FA0-4C1D-9014-4C5018ACC2EB}.Debug|iPhoneSimulator.ActiveCfg = Debug|iPhoneSimulator
		{0169991E-3FA0-4C1D-9014-4C5018ACC2EB}.Debug|iPhoneSimulator.Build.0 = Debug|iPhoneSimulator
		{0169991E-3FA0-4C1D-9014-4C5018ACC2EB}.Release|iPhoneSimulator.ActiveCfg = Release|iPhoneSimulator
		{0169991E-3FA0-4C1D-9014-4C5018ACC2EB}.Release|iPhoneSimulator.Build.0 = Release|iPhoneSimulator
		{0169991E-3FA0-4C1D-9014-4C5018ACC2EB}.Debug|iPhone.ActiveCfg = Debug|iPhone
		{0169991E-3FA0-4C1D-9014-4C5018ACC2EB}.Debug|iPhone.Build.0 = Debug|iPhone
		{0169991E-3FA0-4C1D-9014-4C5018ACC2EB}.Release|iPhone.ActiveCfg = Release|iPhone
		{0169991E-3FA0-4C1D-9014-4C5018ACC2EB}.Release|iPhone.Build.0 = Release|iPhone
		{0169991E-3FA0-4C1D-9014-4C5018ACC2EB}.Ad-Hoc|iPhone.ActiveCfg = Ad-Hoc|iPhone
		{0169991E-3FA0-4C1D-9014-4C5018ACC2EB}.Ad-Hoc|iPhone.Build.0 = Ad-Hoc|iPhone
		{0169991E-3FA0-4C1D-9014-4C5018ACC2EB}.AppStore|iPhone.ActiveCfg = AppStore|iPhone
		{0169991E-3FA0-4C1D-9014-4C5018ACC2EB}.AppStore|iPhone.Build.0 = AppStore|iPhone
		{03097C0F-4906-4AC5-B8CD-049D49BE1A26}.Debug|Any CPU.ActiveCfg = Debug|Any CPU
		{03097C0F-4906-4AC5-B8CD-049D49BE1A26}.Debug|Any CPU.Build.0 = Debug|Any CPU
		{03097C0F-4906-4AC5-B8CD-049D49BE1A26}.Release|Any CPU.ActiveCfg = Release|Any CPU
		{03097C0F-4906-4AC5-B8CD-049D49BE1A26}.Release|Any CPU.Build.0 = Release|Any CPU
		{03097C0F-4906-4AC5-B8CD-049D49BE1A26}.Debug|iPhoneSimulator.ActiveCfg = Debug|Any CPU
		{03097C0F-4906-4AC5-B8CD-049D49BE1A26}.Debug|iPhoneSimulator.Build.0 = Debug|Any CPU
		{03097C0F-4906-4AC5-B8CD-049D49BE1A26}.Release|iPhoneSimulator.ActiveCfg = Release|Any CPU
		{03097C0F-4906-4AC5-B8CD-049D49BE1A26}.Release|iPhoneSimulator.Build.0 = Release|Any CPU
		{03097C0F-4906-4AC5-B8CD-049D49BE1A26}.Debug|iPhone.ActiveCfg = Debug|Any CPU
		{03097C0F-4906-4AC5-B8CD-049D49BE1A26}.Debug|iPhone.Build.0 = Debug|Any CPU
		{03097C0F-4906-4AC5-B8CD-049D49BE1A26}.Release|iPhone.ActiveCfg = Release|Any CPU
		{03097C0F-4906-4AC5-B8CD-049D49BE1A26}.Release|iPhone.Build.0 = Release|Any CPU
		{03097C0F-4906-4AC5-B8CD-049D49BE1A26}.Ad-Hoc|iPhone.ActiveCfg = Debug|Any CPU
		{03097C0F-4906-4AC5-B8CD-049D49BE1A26}.Ad-Hoc|iPhone.Build.0 = Debug|Any CPU
		{03097C0F-4906-4AC5-B8CD-049D49BE1A26}.AppStore|iPhone.ActiveCfg = Debug|Any CPU
		{03097C0F-4906-4AC5-B8CD-049D49BE1A26}.AppStore|iPhone.Build.0 = Debug|Any CPU
	EndGlobalSection
EndGlobal
